{
    "_readme": [
        "This file locks the dependencies of your project to a known state",
        "Read more about it at https://getcomposer.org/doc/01-basic-usage.md#composer-lock-the-lock-file",
        "This file is @generated automatically"
    ],
    "hash": "0ef35477b190ae512947961c0ea29c7b",
    "packages": [
        {
            "name": "gabrielelana/byte-units",
            "version": "0.3.0",
            "source": {
                "type": "git",
                "url": "https://github.com/gabrielelana/byte-units.git",
                "reference": "95f310237235c7058b7b17b431ac3f009ef79270"
            },
            "dist": {
                "type": "zip",
                "url": "https://api.github.com/repos/gabrielelana/byte-units/zipball/95f310237235c7058b7b17b431ac3f009ef79270",
                "reference": "95f310237235c7058b7b17b431ac3f009ef79270",
                "shasum": ""
            },
            "require": {
                "php": ">=5.4.0"
            },
            "require-dev": {
                "phpunit/phpunit": "~4.0"
            },
            "type": "library",
            "autoload": {
                "psr-4": {
                    "ByteUnits\\": "src/ByteUnits"
                },
                "files": [
                    "src/ByteUnits/functions.php"
                ]
            },
            "notification-url": "https://packagist.org/downloads/",
            "license": [
                "MIT"
            ],
            "authors": [
                {
                    "name": "Gabriele Lana",
                    "email": "gabriele.lana@gmail.com"
                }
            ],
            "description": "Library to parse, format and convert byte units",
            "homepage": "https://github.com/gabrielelana/byte-units",
            "keywords": [
                "byte",
                "convert",
                "format",
                "parse",
                "size",
                "units"
            ],
            "time": "2015-06-03 12:57:06"
        },
        {
            "name": "google/recaptcha",
            "version": "1.1.1",
            "source": {
                "type": "git",
                "url": "https://github.com/google/recaptcha.git",
                "reference": "090585935d95ebdf2d16dd071b10c9179a94da47"
            },
            "dist": {
                "type": "zip",
                "url": "https://api.github.com/repos/google/recaptcha/zipball/090585935d95ebdf2d16dd071b10c9179a94da47",
                "reference": "090585935d95ebdf2d16dd071b10c9179a94da47",
                "shasum": ""
            },
            "require": {
                "php": ">=5.3.2"
            },
            "require-dev": {
                "phpunit/phpunit": "4.5.*"
            },
            "type": "library",
            "extra": {
                "branch-alias": {
                    "dev-master": "1.1.x-dev"
                }
            },
            "autoload": {
                "psr-4": {
                    "ReCaptcha\\": "src/ReCaptcha"
                }
            },
            "notification-url": "https://packagist.org/downloads/",
            "license": [
                "BSD-3-Clause"
            ],
            "description": "Client library for reCAPTCHA, a free service that protect websites from spam and abuse.",
            "homepage": "http://www.google.com/recaptcha/",
            "keywords": [
                "Abuse",
                "captcha",
                "recaptcha",
                "spam"
            ],
            "time": "2015-03-16 13:45:08"
        },
        {
            "name": "gregwar/cache",
            "version": "v1.0.10",
            "target-dir": "Gregwar/Cache",
            "source": {
                "type": "git",
                "url": "https://github.com/Gregwar/Cache.git",
                "reference": "0a1a02e4943e95f491b3d2395609247385975622"
            },
            "dist": {
                "type": "zip",
                "url": "https://api.github.com/repos/Gregwar/Cache/zipball/0a1a02e4943e95f491b3d2395609247385975622",
                "reference": "0a1a02e4943e95f491b3d2395609247385975622",
                "shasum": ""
            },
            "require": {
                "php": ">=5.3"
            },
            "type": "library",
            "autoload": {
                "psr-0": {
                    "Gregwar\\Cache": ""
                }
            },
            "notification-url": "https://packagist.org/downloads/",
            "license": [
                "MIT"
            ],
            "authors": [
                {
                    "name": "Gregwar",
                    "email": "g.passault@gmail.com"
                }
            ],
            "description": "A lightweight file-system cache system",
            "keywords": [
                "cache",
                "caching",
                "file-system",
                "system"
            ],
            "time": "2014-09-24 11:23:30"
        },
        {
            "name": "jamesmoss/toml",
            "version": "1.1.1",
            "source": {
                "type": "git",
                "url": "https://github.com/jamesmoss/toml.git",
                "reference": "88885ac70cf1116972d262ee80ec2965d2362e26"
            },
            "dist": {
                "type": "zip",
                "url": "https://api.github.com/repos/jamesmoss/toml/zipball/88885ac70cf1116972d262ee80ec2965d2362e26",
                "reference": "88885ac70cf1116972d262ee80ec2965d2362e26",
                "shasum": ""
            },
            "require": {
                "php": ">=5.3.0"
            },
            "type": "library",
            "autoload": {
                "psr-0": {
                    "Toml": "src"
                }
            },
            "notification-url": "https://packagist.org/downloads/",
            "license": [
                "MIT"
            ],
            "authors": [
                {
                    "name": "James Moss",
                    "email": "email@jamesmoss.co.uk",
                    "homepage": "http://jamesmoss.co.uk"
                }
            ],
            "description": "A parser for TOML implemented in PHP.",
            "homepage": "http://github.com/jamesmoss/toml",
            "keywords": [
                "github",
                "mojombo",
                "toml"
            ],
            "time": "2014-02-25 09:21:11"
        },
        {
            "name": "klein/klein",
            "version": "v2.1.0",
            "source": {
                "type": "git",
                "url": "https://github.com/chriso/klein.php.git",
                "reference": "5dc073f05adb67ee09680545b4cc7b0590d2559e"
            },
            "dist": {
                "type": "zip",
                "url": "https://api.github.com/repos/chriso/klein.php/zipball/5dc073f05adb67ee09680545b4cc7b0590d2559e",
                "reference": "5dc073f05adb67ee09680545b4cc7b0590d2559e",
                "shasum": ""
            },
            "require": {
                "php": ">=5.3.0"
            },
            "require-dev": {
                "phpunit/php-code-coverage": "1.2.x",
                "phpunit/phpunit": "3.7.x",
                "squizlabs/php_codesniffer": "1.4.8"
            },
            "type": "library",
            "autoload": {
                "psr-4": {
                    "Klein\\": "src/Klein/"
                }
            },
            "notification-url": "https://packagist.org/downloads/",
            "license": [
                "MIT"
            ],
            "authors": [
                {
                    "name": "Chris O'Hara",
                    "email": "cohara87@gmail.com",
                    "homepage": "http://chris6f.com/",
                    "role": "Creator/Developer"
                },
                {
                    "name": "Trevor Suarez",
                    "email": "rican7@gmail.com",
                    "homepage": "http://about.me/tnsuarez",
                    "role": "Contributor/Developer"
                }
            ],
            "description": "A lightning fast router for PHP",
            "homepage": "https://github.com/chriso/klein.php",
            "keywords": [
                "boilerplate",
                "router",
                "routing",
                "sinatra"
            ],
            "time": "2014-11-07 07:35:23"
        },
        {
            "name": "kylekatarnls/jade-php",
            "version": "1.3",
            "source": {
                "type": "git",
                "url": "https://github.com/kylekatarnls/jade-php.git",
                "reference": "8548f11d29c276ca1f8f7912476341bcd2ec7093"
            },
            "dist": {
                "type": "zip",
                "url": "https://api.github.com/repos/kylekatarnls/jade-php/zipball/8548f11d29c276ca1f8f7912476341bcd2ec7093",
                "reference": "8548f11d29c276ca1f8f7912476341bcd2ec7093",
                "shasum": ""
            },
            "require": {
                "php": ">=5.3.0"
            },
            "type": "library",
            "autoload": {
                "psr-0": {
                    "Jade": "src/"
                }
            },
            "notification-url": "https://packagist.org/downloads/",
            "license": [
                "MIT"
            ],
            "authors": [
                {
                    "name": "Konstantin Kudryasho",
                    "email": "konstantin.kudryashov@knplabs.com",
                    "homepage": "http://about.me/everzet",
                    "role": "Developer"
                },
                {
                    "name": "Janez Troha",
                    "email": "janez.troha@gmail.com",
                    "homepage": "http://flavors.me/dz0ny",
                    "role": "Maintainer"
                },
                {
                    "name": "Luke GB",
                    "email": "git@lukegb.com",
                    "homepage": "http://twitter.com/lukegb",
                    "role": "Maintainer"
                },
                {
                    "name": "Ronan Tessier",
                    "email": "ronan.tessier@vaconsulting.lu",
                    "homepage": "http://github.com/ronan-gloo",
                    "role": "Maintainer"
                },
                {
                    "name": "kylekatarnls",
                    "homepage": "http://github.com/kylekatarnls",
                    "role": "Maintainer"
                }
            ],
            "description": "HAML-like template engine for PHP 5.3",
            "homepage": "https://github.com/ronan-gloo/jade.php",
            "keywords": [
                "jade",
                "minification",
                "template"
            ],
            "time": "2015-04-21 21:56:16"
        },
        {
            "name": "mistic100/randomcolor",
            "version": "1.0.2",
            "source": {
                "type": "git",
                "url": "https://github.com/mistic100/RandomColor.php.git",
                "reference": "8403529353d7a46aa259621d7c1e1a63b636791d"
            },
            "dist": {
                "type": "zip",
                "url": "https://api.github.com/repos/mistic100/RandomColor.php/zipball/8403529353d7a46aa259621d7c1e1a63b636791d",
                "reference": "8403529353d7a46aa259621d7c1e1a63b636791d",
                "shasum": ""
            },
            "type": "library",
            "autoload": {
                "psr-4": {
                    "Colors\\": "src"
                }
            },
            "notification-url": "https://packagist.org/downloads/",
            "license": [
                "MIT"
            ],
            "authors": [
                {
                    "name": "Damien \"Mistic\" Sorel",
                    "email": "contact@git.strangeplanet.fr",
                    "homepage": "http://www.strangeplanet.fr"
                }
            ],
            "description": "Generate attractive random colors",
            "homepage": "https://github.com/mistic100/RandomColor.php",
            "keywords": [
                "color",
                "generator",
                "random"
            ],
            "time": "2015-06-30 16:57:53"
        },
        {
            "name": "nette/mail",
            "version": "v2.3.2",
            "source": {
                "type": "git",
                "url": "https://github.com/nette/mail.git",
                "reference": "2c6c64787edf8131ec5e1b514ecc4a80a6477f80"
            },
            "dist": {
                "type": "zip",
                "url": "https://api.github.com/repos/nette/mail/zipball/2c6c64787edf8131ec5e1b514ecc4a80a6477f80",
                "reference": "2c6c64787edf8131ec5e1b514ecc4a80a6477f80",
                "shasum": ""
            },
            "require": {
                "ext-iconv": "*",
                "nette/utils": "~2.2",
                "php": ">=5.3.1"
            },
            "conflict": {
                "nette/nette": "<2.2"
            },
            "require-dev": {
                "nette/di": "~2.3",
                "nette/tester": "~1.3"
            },
            "suggest": {
                "ext-fileinfo": "to detect type of attached files"
            },
            "type": "library",
            "autoload": {
                "classmap": [
                    "src/"
                ]
            },
            "notification-url": "https://packagist.org/downloads/",
            "license": [
                "BSD-3-Clause",
                "GPL-2.0",
                "GPL-3.0"
            ],
            "authors": [
                {
                    "name": "David Grudl",
                    "homepage": "http://davidgrudl.com"
                },
                {
                    "name": "Nette Community",
                    "homepage": "http://nette.org/contributors"
                }
            ],
            "description": "Nette Mail: Sending E-mails",
            "homepage": "http://nette.org",
            "time": "2015-07-03 13:31:38"
        },
        {
            "name": "nette/utils",
            "version": "v2.3.3",
            "source": {
                "type": "git",
                "url": "https://github.com/nette/utils.git",
                "reference": "ff80fce39fdc381e7e0db6cc5ffc82162e59f6bb"
            },
            "dist": {
                "type": "zip",
                "url": "https://api.github.com/repos/nette/utils/zipball/ff80fce39fdc381e7e0db6cc5ffc82162e59f6bb",
                "reference": "ff80fce39fdc381e7e0db6cc5ffc82162e59f6bb",
                "shasum": ""
            },
            "require": {
                "php": ">=5.3.1"
            },
            "conflict": {
                "nette/nette": "<2.2"
            },
            "require-dev": {
                "nette/tester": "~1.0"
            },
            "suggest": {
                "ext-gd": "to use Image",
                "ext-iconv": "to use Strings::webalize() and toAscii()",
                "ext-intl": "for script transliteration in Strings::webalize() and toAscii()",
                "ext-mbstring": "to use Strings::lower() etc..."
            },
            "type": "library",
            "autoload": {
                "classmap": [
                    "src/"
                ]
            },
            "notification-url": "https://packagist.org/downloads/",
            "license": [
                "BSD-3-Clause",
                "GPL-2.0",
                "GPL-3.0"
            ],
            "authors": [
                {
                    "name": "David Grudl",
                    "homepage": "http://davidgrudl.com"
                },
                {
                    "name": "Nette Community",
                    "homepage": "http://nette.org/contributors"
                }
            ],
            "description": "Nette Utility Classes",
            "homepage": "http://nette.org",
            "time": "2015-07-13 22:30:00"
        },
        {
            "name": "phpoffice/phpexcel",
            "version": "1.8.1",
            "source": {
                "type": "git",
                "url": "https://github.com/PHPOffice/PHPExcel.git",
                "reference": "372c7cbb695a6f6f1e62649381aeaa37e7e70b32"
            },
            "dist": {
                "type": "zip",
                "url": "https://api.github.com/repos/PHPOffice/PHPExcel/zipball/372c7cbb695a6f6f1e62649381aeaa37e7e70b32",
                "reference": "372c7cbb695a6f6f1e62649381aeaa37e7e70b32",
                "shasum": ""
            },
            "require": {
                "ext-xml": "*",
                "ext-xmlwriter": "*",
                "php": ">=5.2.0"
            },
            "type": "library",
            "autoload": {
                "psr-0": {
                    "PHPExcel": "Classes/"
                }
            },
            "notification-url": "https://packagist.org/downloads/",
            "license": [
                "LGPL"
            ],
            "authors": [
                {
                    "name": "Maarten Balliauw",
                    "homepage": "http://blog.maartenballiauw.be"
                },
                {
                    "name": "Mark Baker"
                },
                {
                    "name": "Franck Lefevre",
                    "homepage": "http://blog.rootslabs.net"
                },
                {
                    "name": "Erik Tilt"
                }
            ],
            "description": "PHPExcel - OpenXML - Read, Create and Write Spreadsheet documents in PHP - Spreadsheet engine",
            "homepage": "http://phpexcel.codeplex.com",
            "keywords": [
                "OpenXML",
                "excel",
                "php",
                "spreadsheet",
                "xls",
                "xlsx"
            ],
            "time": "2015-05-01 07:00:55"
        },
        {
            "name": "riimu/kit-csrf",
            "version": "v2.3.0",
            "source": {
                "type": "git",
                "url": "https://github.com/Riimu/Kit-CSRF.git",
                "reference": "f70a7ab98d52cc5518592ac0346ae290271c4ee6"
            },
            "dist": {
                "type": "zip",
                "url": "https://api.github.com/repos/Riimu/Kit-CSRF/zipball/f70a7ab98d52cc5518592ac0346ae290271c4ee6",
                "reference": "f70a7ab98d52cc5518592ac0346ae290271c4ee6",
                "shasum": ""
            },
            "require": {
                "php": ">=5.4.0",
                "riimu/kit-securerandom": "1.*"
            },
            "type": "library",
            "autoload": {
                "psr-4": {
                    "Riimu\\Kit\\CSRF\\": "src/"
                }
            },
            "notification-url": "https://packagist.org/downloads/",
            "license": [
                "MIT"
            ],
            "authors": [
                {
                    "name": "Riikka Kalliomäki",
                    "email": "riikka.kalliomaki@gmail.com",
                    "homepage": "http://riimu.net"
                }
            ],
            "description": "Secure and simple CSRF library protected against timing and BREACH attacks",
            "homepage": "http://kit.riimu.net",
            "keywords": [
                "csrf",
                "security"
            ],
            "time": "2015-03-15 13:48:28"
        },
        {
            "name": "riimu/kit-securerandom",
            "version": "v1.1.1",
            "source": {
                "type": "git",
                "url": "https://github.com/Riimu/Kit-SecureRandom.git",
                "reference": "3b29f51765fee75173d4ee32437071eba05d75a2"
            },
            "dist": {
                "type": "zip",
                "url": "https://api.github.com/repos/Riimu/Kit-SecureRandom/zipball/3b29f51765fee75173d4ee32437071eba05d75a2",
                "reference": "3b29f51765fee75173d4ee32437071eba05d75a2",
                "shasum": ""
            },
            "require": {
                "php": ">=5.4.0"
            },
            "suggest": {
                "ext-mcrypt": "To use the Mcrypt secure random byte generator",
                "ext-openssl": "To use the OpenSSL secure random byte generator"
            },
            "type": "library",
            "autoload": {
                "psr-4": {
                    "Riimu\\Kit\\SecureRandom\\": "src/"
                }
            },
            "notification-url": "https://packagist.org/downloads/",
            "license": [
                "MIT"
            ],
            "authors": [
                {
                    "name": "Riikka Kalliomäki",
                    "email": "riikka.kalliomaki@gmail.com",
                    "homepage": "http://riimu.net"
                }
            ],
            "description": "Library for leveraging available secure random generators",
            "homepage": "http://kit.riimu.net",
            "keywords": [
                "generator",
                "random",
                "secure"
            ],
            "time": "2015-01-25 16:59:59"
        },
        {
            "name": "tpyo/amazon-s3-php-class",
            "version": "v0.5.1",
            "source": {
                "type": "git",
                "url": "https://github.com/tpyo/amazon-s3-php-class.git",
                "reference": "121318e65e857a994b22ffe0aa04a0c55e832bea"
            },
            "dist": {
                "type": "zip",
                "url": "https://api.github.com/repos/tpyo/amazon-s3-php-class/zipball/121318e65e857a994b22ffe0aa04a0c55e832bea",
                "reference": "121318e65e857a994b22ffe0aa04a0c55e832bea",
                "shasum": ""
            },
            "require": {
                "php": ">=5.2.0"
            },
            "type": "library",
            "autoload": {
                "classmap": [
                    "S3.php"
                ]
            },
            "notification-url": "https://packagist.org/downloads/",
            "license": [
                "BSD-2-Clause"
            ],
            "authors": [
                {
                    "name": "Donovan Schönknecht",
                    "email": "don@tpyo.net"
                }
            ],
            "description": "A standalone Amazon S3 (REST) client for PHP 5.2.x using CURL that does not require PEAR.",
            "homepage": "https://github.com/tpyo/amazon-s3-php-class",
            "time": "2015-04-27 06:12:39"
        },
        {
            "name": "voku/portable-utf8",
            "version": "1.6.3",
            "source": {
                "type": "git",
                "url": "https://github.com/voku/portable-utf8.git",
                "reference": "6a486127abdc0627662c5d9bd947cbd110e77687"
            },
            "dist": {
                "type": "zip",
                "url": "https://api.github.com/repos/voku/portable-utf8/zipball/6a486127abdc0627662c5d9bd947cbd110e77687",
                "reference": "6a486127abdc0627662c5d9bd947cbd110e77687",
                "shasum": ""
            },
            "require": {
                "php": ">=5.3.0"
            },
            "require-dev": {
                "phpunit/phpunit": "4.*",
                "satooshi/php-coveralls": "0.7.*@dev"
            },
            "suggest": {
                "ext-iconv": "Use iconv for best performance",
                "ext-intl": "Use Intl for best performance",
                "ext-mbstring": "Use Mbstring for best performance"
            },
            "type": "library",
            "extra": {
                "branch-alias": {
                    "dev-master": "1.6.x-dev"
                }
            },
            "autoload": {
                "psr-4": {
                    "voku\\": "src/voku/"
                },
                "classmap": [
                    "src/Normalizer.php"
                ]
            },
            "notification-url": "https://packagist.org/downloads/",
            "license": [
                "CC-BY-3.0"
            ],
            "authors": [
                {
                    "name": "Hamid Sarfraz",
                    "homepage": "http://pageconfig.com/"
                },
                {
                    "name": "Lars Moelleken",
                    "homepage": "http://www.moelleken.org/"
                },
                {
                    "name": "Nicolas Grekas",
                    "email": "p@tchwork.com"
                }
            ],
            "description": "Portable UTF-8 library with polyfill / shim for Iconv, Intl, Mbstring, Normalizrer etc.",
            "homepage": "https://github.com/voku/portable-utf8",
            "keywords": [
                "UTF",
                "clean",
                "php",
                "unicode",
                "utf-8",
                "utf8"
            ],
            "time": "2015-07-27 06:46:35"
        }
    ],
    "packages-dev": [],
    "aliases": [],
    "minimum-stability": "stable",
    "stability-flags": [],
    "prefer-stable": false,
    "prefer-lowest": false,
    "platform": {
        "php": "^5.5.0",
        "ext-mbstring": "*",
        "ext-mongo": ">=1.6.8",
        "ext-xmlreader": "*",
        "ext-spl": "*",
        "ext-json": "*",
        "ext-fileinfo": "^1.0.5"
    },
    "platform-dev": []
}
