{
    "_readme": [
        "This file locks the dependencies of your project to a known state",
        "Read more about it at https://getcomposer.org/doc/01-basic-usage.md#composer-lock-the-lock-file",
        "This file is @generated automatically"
    ],
    "hash": "661b874ad84da0e1a4f0e0da1cfd0d7b",
    "packages": [
        {
            "name": "mustache/mustache",
            "version": "v2.8.0",
            "source": {
                "type": "git",
                "url": "https://github.com/bobthecow/mustache.php.git",
                "reference": "64c28cc73e01d5edcef7de8cb2b16782615f648a"
            },
            "dist": {
                "type": "zip",
                "url": "https://api.github.com/repos/bobthecow/mustache.php/zipball/64c28cc73e01d5edcef7de8cb2b16782615f648a",
                "reference": "64c28cc73e01d5edcef7de8cb2b16782615f648a",
                "shasum": ""
            },
            "require": {
                "php": ">=5.2.4"
            },
            "require-dev": {
                "fabpot/php-cs-fixer": "~1.6",
                "phpunit/phpunit": "~3.7|~4.0"
            },
            "type": "library",
            "autoload": {
                "psr-0": {
                    "Mustache": "src/"
                }
            },
            "notification-url": "https://packagist.org/downloads/",
            "license": [
                "MIT"
            ],
            "authors": [
                {
                    "name": "Justin Hileman",
                    "email": "justin@justinhileman.info",
                    "homepage": "http://justinhileman.com"
                }
            ],
            "description": "A Mustache implementation in PHP.",
            "homepage": "https://github.com/bobthecow/mustache.php",
            "keywords": [
                "mustache",
                "templating"
            ],
            "time": "2015-04-01 06:37:33"
        },
        {
            "name": "noccylabs/sdl",
            "version": "2.0.0",
            "source": {
                "type": "git",
                "url": "https://github.com/noccylabs/php-sdl.git",
                "reference": "b19544cad4590e32482632e0905c82c34555265f"
            },
            "dist": {
                "type": "zip",
                "url": "https://api.github.com/repos/noccylabs/php-sdl/zipball/b19544cad4590e32482632e0905c82c34555265f",
                "reference": "b19544cad4590e32482632e0905c82c34555265f",
                "shasum": ""
            },
            "require": {
                "symfony/expression-language": "2.4.*"
            },
            "type": "library",
            "extra": {
                "branch-alias": {
                    "dev-master": "1.0.x-dev",
                    "dev-sdl2": "2.0.x-dev"
                }
            },
            "autoload": {
                "psr-0": {
                    "": "src/"
                }
            },
            "notification-url": "https://packagist.org/downloads/",
            "license": [
                "GPL-2.0+"
            ],
            "authors": [
                {
                    "name": "NoccyLabs",
                    "email": "noccylabs@gmail.com"
                }
            ],
            "description": "Simple Declarative Language (SDL)",
            "time": "2014-11-15 03:52:07"
        },
        {
            "name": "secondparty/dipper",
            "version": "v0.4",
            "source": {
                "type": "git",
                "url": "https://github.com/secondparty/dipper.git",
                "reference": "c845e57204afde292ed647cb4cb4f2d8237671d4"
            },
            "dist": {
                "type": "zip",
                "url": "https://api.github.com/repos/secondparty/dipper/zipball/c845e57204afde292ed647cb4cb4f2d8237671d4",
                "reference": "c845e57204afde292ed647cb4cb4f2d8237671d4",
                "shasum": ""
            },
            "require": {
                "php": ">=5.3.0"
            },
            "suggest": {
                "ext-syck": "YAML parsing extension for PHP"
            },
            "type": "library",
            "autoload": {
                "psr-4": {
                    "secondparty\\Dipper\\": "."
                }
            },
            "notification-url": "https://packagist.org/downloads/",
            "license": [
                "BSD-3-Clause"
            ],
            "authors": [
                {
                    "name": "Fred LeBlanc",
                    "email": "fred@secondparty.com"
                }
            ],
            "description": "A fast YAML parser that parses for the more commonly-used subset of YAML’s v1.0 and v1.2 specs.",
            "homepage": "https://github.com/secondparty/dipper",
            "keywords": [
                "parser",
                "yaml"
            ],
            "time": "2015-02-25 16:46:35"
        },
        {
            "name": "semantic/ui",
            "version": "1.12.3",
            "source": {
                "type": "git",
                "url": "https://github.com/Semantic-Org/Semantic-UI.git",
                "reference": "069ea0aef47ce4f32c1c17b4f6a9a4effddc9600"
            },
            "dist": {
                "type": "zip",
                "url": "https://api.github.com/repos/Semantic-Org/Semantic-UI/zipball/069ea0aef47ce4f32c1c17b4f6a9a4effddc9600",
                "reference": "069ea0aef47ce4f32c1c17b4f6a9a4effddc9600",
                "shasum": ""
            },
            "type": "library",
            "notification-url": "https://packagist.org/downloads/",
            "license": [
                "MIT"
            ],
            "authors": [
                {
                    "name": "Jack Lukic",
                    "email": "jacklukic@gmail.com",
                    "homepage": "http://www.jacklukic.com",
                    "role": "Creator"
                }
            ],
            "description": "Semantic empowers designers and developers by creating a shared vocabulary for UI.",
            "homepage": "http://www.semantic-ui.com",
            "keywords": [
                "css",
                "framework",
                "semantic",
                "ui"
            ],
            "time": "2015-05-20 15:52:45"
        },
        {
            "name": "symfony/expression-language",
            "version": "v2.4.10",
            "target-dir": "Symfony/Component/ExpressionLanguage",
            "source": {
                "type": "git",
                "url": "https://github.com/symfony/expression-language.git",
                "reference": "b62ea6888654db504813ddf753dac6bd677beb61"
            },
            "dist": {
                "type": "zip",
                "url": "https://api.github.com/repos/symfony/expression-language/zipball/b62ea6888654db504813ddf753dac6bd677beb61",
                "reference": "b62ea6888654db504813ddf753dac6bd677beb61",
                "shasum": ""
            },
            "require": {
                "php": ">=5.3.3"
            },
            "type": "library",
            "extra": {
                "branch-alias": {
                    "dev-master": "2.4-dev"
                }
            },
            "autoload": {
                "psr-0": {
                    "Symfony\\Component\\ExpressionLanguage\\": ""
                }
            },
            "notification-url": "https://packagist.org/downloads/",
            "license": [
                "MIT"
            ],
            "authors": [
                {
                    "name": "Symfony Community",
                    "homepage": "http://symfony.com/contributors"
                },
                {
                    "name": "Fabien Potencier",
                    "email": "fabien@symfony.com"
                }
            ],
            "description": "Symfony ExpressionLanguage Component",
            "homepage": "http://symfony.com",
            "time": "2014-09-25 09:55:38"
        },
        {
            "name": "twig/twig",
            "version": "v1.18.2",
            "source": {
                "type": "git",
                "url": "https://github.com/twigphp/Twig.git",
                "reference": "e8e6575abf6102af53ec283f7f14b89e304fa602"
            },
            "dist": {
                "type": "zip",
                "url": "https://api.github.com/repos/twigphp/Twig/zipball/e8e6575abf6102af53ec283f7f14b89e304fa602",
                "reference": "e8e6575abf6102af53ec283f7f14b89e304fa602",
                "shasum": ""
            },
            "require": {
                "php": ">=5.2.7"
            },
            "type": "library",
            "extra": {
                "branch-alias": {
                    "dev-master": "1.18-dev"
                }
            },
            "autoload": {
                "psr-0": {
                    "Twig_": "lib/"
                }
            },
            "notification-url": "https://packagist.org/downloads/",
            "license": [
                "BSD-3-Clause"
            ],
            "authors": [
                {
                    "name": "Fabien Potencier",
                    "email": "fabien@symfony.com",
                    "homepage": "http://fabien.potencier.org",
                    "role": "Lead Developer"
                },
                {
                    "name": "Armin Ronacher",
                    "email": "armin.ronacher@active-4.com",
                    "role": "Project Founder"
                },
                {
                    "name": "Twig Team",
                    "homepage": "http://twig.sensiolabs.org/contributors",
                    "role": "Contributors"
                }
            ],
            "description": "Twig, the flexible, fast, and secure template language for PHP",
            "homepage": "http://twig.sensiolabs.org",
            "keywords": [
                "templating"
            ],
            "time": "2015-06-06 23:31:24"
        }
    ],
    "packages-dev": [],
    "aliases": [],
    "minimum-stability": "stable",
    "stability-flags": [],
    "prefer-stable": false,
    "prefer-lowest": false,
    "platform": [],
    "platform-dev": []
}
